
Microsoft Visual Studio Solution File, Format Version 12.00
# Visual Studio Version 17
VisualStudioVersion = 17.4.33110.190
MinimumVisualStudioVersion = 10.0.40219.1
Project("{FAE04EC0-301F-11D3-BF4B-00C04F79EFBC}") = "ExtensionMethodExercise", "ExtensionMethodExercise\ExtensionMethodExercise.csproj", "{BCBD648D-2B29-4DF2-AB99-2A78F9726903}"
EndProject
Global
	GlobalSection(SolutionConfigurationPlatforms) = preSolution
		Debug|Any CPU = Debug|Any CPU
		Release|Any CPU = Release|Any CPU
	EndGlobalSection
	GlobalSection(ProjectConfigurationPlatforms) = postSolution
		{BCBD648D-2B29-4DF2-AB99-2A78F9726903}.Debug|Any CPU.ActiveCfg = Debug|Any CPU
		{BCBD648D-2B29-4DF2-AB99-2A78F9726903}.Debug|Any CPU.Build.0 = Debug|Any CPU
		{BCBD648D-2B29-4DF2-AB99-2A78F9726903}.Release|Any CPU.ActiveCfg = Release|Any CPU
		{BCBD648D-2B29-4DF2-AB99-2A78F9726903}.Release|Any CPU.Build.0 = Release|Any CPU
	EndGlobalSection
	GlobalSection(SolutionProperties) = preSolution
		HideSolutionNode = FALSE
	EndGlobalSection
	GlobalSection(ExtensibilityGlobals) = postSolution
		SolutionGuid = {29BBBAB5-35D9-44F7-81F6-83F6F7F8855C}
	EndGlobalSection
EndGlobal
